
Microsoft Visual Studio Solution File, Format Version 12.00
# Visual Studio Version 17
VisualStudioVersion = 17.1.32210.238
MinimumVisualStudioVersion = 10.0.40219.1
Project("{FAE04EC0-301F-11D3-BF4B-00C04F79EFBC}") = "PagibigDBLocal", "PagibigDBLocal.csproj", "{EB320810-F555-4C73-B1C9-A24C83B6D295}"
EndProject
Global
	GlobalSection(SolutionConfigurationPlatforms) = preSolution
		Debug|Any CPU = Debug|Any CPU
		Release|Any CPU = Release|Any CPU
	EndGlobalSection
	GlobalSection(ProjectConfigurationPlatforms) = postSolution
		{EB320810-F555-4C73-B1C9-A24C83B6D295}.Debug|Any CPU.ActiveCfg = Debug|Any CPU
		{EB320810-F555-4C73-B1C9-A24C83B6D295}.Debug|Any CPU.Build.0 = Debug|Any CPU
		{EB320810-F555-4C73-B1C9-A24C83B6D295}.Release|Any CPU.ActiveCfg = Release|Any CPU
		{EB320810-F555-4C73-B1C9-A24C83B6D295}.Release|Any CPU.Build.0 = Release|Any CPU
	EndGlobalSection
	GlobalSection(SolutionProperties) = preSolution
		HideSolutionNode = FALSE
	EndGlobalSection
	GlobalSection(ExtensibilityGlobals) = postSolution
		SolutionGuid = {354A237F-D238-45C4-B78D-F899B6009A0F}
	EndGlobalSection
EndGlobal
